
Microsoft Visual Studio Solution File, Format Version 12.00
# Visual Studio Version 16
VisualStudioVersion = 16.0.30011.22
MinimumVisualStudioVersion = 10.0.40219.1
Project("{9A19103F-16F7-4668-BE54-9A1E7A4F7556}") = "RstiNotifierBot", "RstiNotifierBot\RstiNotifierBot.csproj", "{F7E8C6DE-F860-4916-BEEC-D64A7BA8ED5C}"
EndProject
Project("{9A19103F-16F7-4668-BE54-9A1E7A4F7556}") = "RstiNotifierBot.Model", "RstiNotifierBot.Model\RstiNotifierBot.Model.csproj", "{E083B52F-0376-4ABB-8553-02819264AB53}"
EndProject
Project("{2150E333-8FDC-42A3-9474-1A3956D46DE8}") = "Common", "Common", "{95422678-ABFD-464C-844D-5843DF73E97C}"
EndProject
Project("{9A19103F-16F7-4668-BE54-9A1E7A4F7556}") = "RstiNotifierBot.Common.BC", "Common\RstiNotifierBot.Common.BC\RstiNotifierBot.Common.BC.csproj", "{0499DAF3-BD53-4485-BCA1-9C73D3AAF199}"
EndProject
Project("{9A19103F-16F7-4668-BE54-9A1E7A4F7556}") = "RstiNotifierBot.Common.Model", "Common\RstiNotifierBot.Common.Model\RstiNotifierBot.Common.Model.csproj", "{D0ABF26A-C099-4F55-930E-DACECB6D7EBF}"
EndProject
Project("{9A19103F-16F7-4668-BE54-9A1E7A4F7556}") = "RstiNotifierBot.BC", "RstiNotifierBot.BC\RstiNotifierBot.BC.csproj", "{D8AFCC8D-CD7F-4641-950B-96DB74200C97}"
EndProject
Project("{2150E333-8FDC-42A3-9474-1A3956D46DE8}") = "Infrastructure", "Infrastructure", "{B1081743-B249-427B-AE40-8BF8730E2042}"
EndProject
Project("{9A19103F-16F7-4668-BE54-9A1E7A4F7556}") = "RstiNotifierBot.Infrastructure", "Infrastructure\RstiNotifierBot.Infrastructure\RstiNotifierBot.Infrastructure.csproj", "{10E9FB0C-59B5-47DD-A67F-43C587291B43}"
EndProject
Project("{FAE04EC0-301F-11D3-BF4B-00C04F79EFBC}") = "RstiNotifierBot.Infrastructure.BC", "Infrastructure\RstiNotifierBot.Infrastructure.BC\RstiNotifierBot.Infrastructure.BC.csproj", "{1E533368-0FB2-47EB-AF61-E6E1AD6812EC}"
EndProject
Project("{FAE04EC0-301F-11D3-BF4B-00C04F79EFBC}") = "RstiNotifierBot.Infrastructure.Model", "Infrastructure\RstiNotifierBot.Infrastructure.Model\RstiNotifierBot.Infrastructure.Model.csproj", "{345AAF74-6C43-4115-9637-BE35586F7A95}"
EndProject
Project("{9A19103F-16F7-4668-BE54-9A1E7A4F7556}") = "RstiNotifierBot.BL", "RstiNotifierBot.BL\RstiNotifierBot.BL.csproj", "{59E010BA-9570-4424-8181-6A28BF0751B3}"
EndProject
Project("{9A19103F-16F7-4668-BE54-9A1E7A4F7556}") = "RstiNotifierBot.Common.BL", "Common\RstiNotifierBot.Common.BL\RstiNotifierBot.Common.BL.csproj", "{AFD7BC02-6C5B-4749-9130-4F124C1C3C4B}"
EndProject
Project("{FAE04EC0-301F-11D3-BF4B-00C04F79EFBC}") = "RstiNotifierBot.Infrastructure.BO", "Infrastructure\RstiNotifierBot.Infrastructure.BO\RstiNotifierBot.Infrastructure.BO.csproj", "{387FDDA1-EEC7-406F-96BE-813D206AC813}"
EndProject
Project("{9A19103F-16F7-4668-BE54-9A1E7A4F7556}") = "RstiNotifierBot.Infrastructure.BL", "Infrastructure\RstiNotifierBot.Infrastructure.BL\RstiNotifierBot.Infrastructure.BL.csproj", "{D6EF5A47-AD3F-40F5-A161-83E9AF885F80}"
EndProject
Global
	GlobalSection(SolutionConfigurationPlatforms) = preSolution
		Debug|Any CPU = Debug|Any CPU
		Release|Any CPU = Release|Any CPU
	EndGlobalSection
	GlobalSection(ProjectConfigurationPlatforms) = postSolution
		{F7E8C6DE-F860-4916-BEEC-D64A7BA8ED5C}.Debug|Any CPU.ActiveCfg = Debug|Any CPU
		{F7E8C6DE-F860-4916-BEEC-D64A7BA8ED5C}.Debug|Any CPU.Build.0 = Debug|Any CPU
		{F7E8C6DE-F860-4916-BEEC-D64A7BA8ED5C}.Release|Any CPU.ActiveCfg = Release|Any CPU
		{F7E8C6DE-F860-4916-BEEC-D64A7BA8ED5C}.Release|Any CPU.Build.0 = Release|Any CPU
		{E083B52F-0376-4ABB-8553-02819264AB53}.Debug|Any CPU.ActiveCfg = Debug|Any CPU
		{E083B52F-0376-4ABB-8553-02819264AB53}.Debug|Any CPU.Build.0 = Debug|Any CPU
		{E083B52F-0376-4ABB-8553-02819264AB53}.Release|Any CPU.ActiveCfg = Release|Any CPU
		{E083B52F-0376-4ABB-8553-02819264AB53}.Release|Any CPU.Build.0 = Release|Any CPU
		{0499DAF3-BD53-4485-BCA1-9C73D3AAF199}.Debug|Any CPU.ActiveCfg = Debug|Any CPU
		{0499DAF3-BD53-4485-BCA1-9C73D3AAF199}.Debug|Any CPU.Build.0 = Debug|Any CPU
		{0499DAF3-BD53-4485-BCA1-9C73D3AAF199}.Release|Any CPU.ActiveCfg = Release|Any CPU
		{0499DAF3-BD53-4485-BCA1-9C73D3AAF199}.Release|Any CPU.Build.0 = Release|Any CPU
		{D0ABF26A-C099-4F55-930E-DACECB6D7EBF}.Debug|Any CPU.ActiveCfg = Debug|Any CPU
		{D0ABF26A-C099-4F55-930E-DACECB6D7EBF}.Debug|Any CPU.Build.0 = Debug|Any CPU
		{D0ABF26A-C099-4F55-930E-DACECB6D7EBF}.Release|Any CPU.ActiveCfg = Release|Any CPU
		{D0ABF26A-C099-4F55-930E-DACECB6D7EBF}.Release|Any CPU.Build.0 = Release|Any CPU
		{D8AFCC8D-CD7F-4641-950B-96DB74200C97}.Debug|Any CPU.ActiveCfg = Debug|Any CPU
		{D8AFCC8D-CD7F-4641-950B-96DB74200C97}.Debug|Any CPU.Build.0 = Debug|Any CPU
		{D8AFCC8D-CD7F-4641-950B-96DB74200C97}.Release|Any CPU.ActiveCfg = Release|Any CPU
		{D8AFCC8D-CD7F-4641-950B-96DB74200C97}.Release|Any CPU.Build.0 = Release|Any CPU
		{10E9FB0C-59B5-47DD-A67F-43C587291B43}.Debug|Any CPU.ActiveCfg = Debug|Any CPU
		{10E9FB0C-59B5-47DD-A67F-43C587291B43}.Debug|Any CPU.Build.0 = Debug|Any CPU
		{10E9FB0C-59B5-47DD-A67F-43C587291B43}.Release|Any CPU.ActiveCfg = Release|Any CPU
		{10E9FB0C-59B5-47DD-A67F-43C587291B43}.Release|Any CPU.Build.0 = Release|Any CPU
		{1E533368-0FB2-47EB-AF61-E6E1AD6812EC}.Debug|Any CPU.ActiveCfg = Debug|Any CPU
		{1E533368-0FB2-47EB-AF61-E6E1AD6812EC}.Debug|Any CPU.Build.0 = Debug|Any CPU
		{1E533368-0FB2-47EB-AF61-E6E1AD6812EC}.Release|Any CPU.ActiveCfg = Release|Any CPU
		{1E533368-0FB2-47EB-AF61-E6E1AD6812EC}.Release|Any CPU.Build.0 = Release|Any CPU
		{345AAF74-6C43-4115-9637-BE35586F7A95}.Debug|Any CPU.ActiveCfg = Debug|Any CPU
		{345AAF74-6C43-4115-9637-BE35586F7A95}.Debug|Any CPU.Build.0 = Debug|Any CPU
		{345AAF74-6C43-4115-9637-BE35586F7A95}.Release|Any CPU.ActiveCfg = Release|Any CPU
		{345AAF74-6C43-4115-9637-BE35586F7A95}.Release|Any CPU.Build.0 = Release|Any CPU
		{59E010BA-9570-4424-8181-6A28BF0751B3}.Debug|Any CPU.ActiveCfg = Debug|Any CPU
		{59E010BA-9570-4424-8181-6A28BF0751B3}.Debug|Any CPU.Build.0 = Debug|Any CPU
		{59E010BA-9570-4424-8181-6A28BF0751B3}.Release|Any CPU.ActiveCfg = Release|Any CPU
		{59E010BA-9570-4424-8181-6A28BF0751B3}.Release|Any CPU.Build.0 = Release|Any CPU
		{AFD7BC02-6C5B-4749-9130-4F124C1C3C4B}.Debug|Any CPU.ActiveCfg = Debug|Any CPU
		{AFD7BC02-6C5B-4749-9130-4F124C1C3C4B}.Debug|Any CPU.Build.0 = Debug|Any CPU
		{AFD7BC02-6C5B-4749-9130-4F124C1C3C4B}.Release|Any CPU.ActiveCfg = Release|Any CPU
		{AFD7BC02-6C5B-4749-9130-4F124C1C3C4B}.Release|Any CPU.Build.0 = Release|Any CPU
		{387FDDA1-EEC7-406F-96BE-813D206AC813}.Debug|Any CPU.ActiveCfg = Debug|Any CPU
		{387FDDA1-EEC7-406F-96BE-813D206AC813}.Debug|Any CPU.Build.0 = Debug|Any CPU
		{387FDDA1-EEC7-406F-96BE-813D206AC813}.Release|Any CPU.ActiveCfg = Release|Any CPU
		{387FDDA1-EEC7-406F-96BE-813D206AC813}.Release|Any CPU.Build.0 = Release|Any CPU
		{D6EF5A47-AD3F-40F5-A161-83E9AF885F80}.Debug|Any CPU.ActiveCfg = Debug|Any CPU
		{D6EF5A47-AD3F-40F5-A161-83E9AF885F80}.Debug|Any CPU.Build.0 = Debug|Any CPU
		{D6EF5A47-AD3F-40F5-A161-83E9AF885F80}.Release|Any CPU.ActiveCfg = Release|Any CPU
		{D6EF5A47-AD3F-40F5-A161-83E9AF885F80}.Release|Any CPU.Build.0 = Release|Any CPU
	EndGlobalSection
	GlobalSection(SolutionProperties) = preSolution
		HideSolutionNode = FALSE
	EndGlobalSection
	GlobalSection(NestedProjects) = preSolution
		{0499DAF3-BD53-4485-BCA1-9C73D3AAF199} = {95422678-ABFD-464C-844D-5843DF73E97C}
		{D0ABF26A-C099-4F55-930E-DACECB6D7EBF} = {95422678-ABFD-464C-844D-5843DF73E97C}
		{10E9FB0C-59B5-47DD-A67F-43C587291B43} = {B1081743-B249-427B-AE40-8BF8730E2042}
		{1E533368-0FB2-47EB-AF61-E6E1AD6812EC} = {B1081743-B249-427B-AE40-8BF8730E2042}
		{345AAF74-6C43-4115-9637-BE35586F7A95} = {B1081743-B249-427B-AE40-8BF8730E2042}
		{AFD7BC02-6C5B-4749-9130-4F124C1C3C4B} = {95422678-ABFD-464C-844D-5843DF73E97C}
		{387FDDA1-EEC7-406F-96BE-813D206AC813} = {B1081743-B249-427B-AE40-8BF8730E2042}
		{D6EF5A47-AD3F-40F5-A161-83E9AF885F80} = {B1081743-B249-427B-AE40-8BF8730E2042}
	EndGlobalSection
	GlobalSection(ExtensibilityGlobals) = postSolution
		SolutionGuid = {58AC2A8E-8754-4F7C-887B-260A92E7A94E}
	EndGlobalSection
EndGlobal
